
Microsoft Visual Studio Solution File, Format Version 12.00
# Visual Studio Version 16
VisualStudioVersion = 16.0.33920.266
MinimumVisualStudioVersion = 10.0.40219.1
Project("{8BC9CEB8-8B4A-11D0-8D11-00A0C91BC942}") = "LSHNewProject", "LSHNewProject\LSHNewProject.vcxproj", "{5BFCD7FC-6065-49A5-BB74-F0E6ED074EE1}"
EndProject
Project("{8BC9CEB8-8B4A-11D0-8D11-00A0C91BC942}") = "MyLibrary", "MyLibrary\MyLibrary.vcxproj", "{90CC1FEC-0A14-4824-A8FE-188D59057E66}"
EndProject
Project("{8BC9CEB8-8B4A-11D0-8D11-00A0C91BC942}") = "KatanaZero", "KatanaZero\KatanaZero.vcxproj", "{DBE43AC7-2455-48EC-89FA-CC181737EC62}"
EndProject
Project("{8BC9CEB8-8B4A-11D0-8D11-00A0C91BC942}") = "Sample0", "Sample0\Sample0.vcxproj", "{6BC1EC7A-A279-4D79-AB5C-CF0AB589764D}"
EndProject
Global
	GlobalSection(SolutionConfigurationPlatforms) = preSolution
		Debug|x64 = Debug|x64
		Debug|x86 = Debug|x86
		Release|x64 = Release|x64
		Release|x86 = Release|x86
	EndGlobalSection
	GlobalSection(ProjectConfigurationPlatforms) = postSolution
		{5BFCD7FC-6065-49A5-BB74-F0E6ED074EE1}.Debug|x64.ActiveCfg = Debug|x64
		{5BFCD7FC-6065-49A5-BB74-F0E6ED074EE1}.Debug|x64.Build.0 = Debug|x64
		{5BFCD7FC-6065-49A5-BB74-F0E6ED074EE1}.Debug|x86.ActiveCfg = Debug|Win32
		{5BFCD7FC-6065-49A5-BB74-F0E6ED074EE1}.Debug|x86.Build.0 = Debug|Win32
		{5BFCD7FC-6065-49A5-BB74-F0E6ED074EE1}.Release|x64.ActiveCfg = Release|x64
		{5BFCD7FC-6065-49A5-BB74-F0E6ED074EE1}.Release|x64.Build.0 = Release|x64
		{5BFCD7FC-6065-49A5-BB74-F0E6ED074EE1}.Release|x86.ActiveCfg = Release|Win32
		{5BFCD7FC-6065-49A5-BB74-F0E6ED074EE1}.Release|x86.Build.0 = Release|Win32
		{90CC1FEC-0A14-4824-A8FE-188D59057E66}.Debug|x64.ActiveCfg = Debug|x64
		{90CC1FEC-0A14-4824-A8FE-188D59057E66}.Debug|x64.Build.0 = Debug|x64
		{90CC1FEC-0A14-4824-A8FE-188D59057E66}.Debug|x86.ActiveCfg = Debug|Win32
		{90CC1FEC-0A14-4824-A8FE-188D59057E66}.Debug|x86.Build.0 = Debug|Win32
		{90CC1FEC-0A14-4824-A8FE-188D59057E66}.Release|x64.ActiveCfg = Release|x64
		{90CC1FEC-0A14-4824-A8FE-188D59057E66}.Release|x64.Build.0 = Release|x64
		{90CC1FEC-0A14-4824-A8FE-188D59057E66}.Release|x86.ActiveCfg = Release|Win32
		{90CC1FEC-0A14-4824-A8FE-188D59057E66}.Release|x86.Build.0 = Release|Win32
		{DBE43AC7-2455-48EC-89FA-CC181737EC62}.Debug|x64.ActiveCfg = Debug|x64
		{DBE43AC7-2455-48EC-89FA-CC181737EC62}.Debug|x64.Build.0 = Debug|x64
		{DBE43AC7-2455-48EC-89FA-CC181737EC62}.Debug|x86.ActiveCfg = Debug|Win32
		{DBE43AC7-2455-48EC-89FA-CC181737EC62}.Debug|x86.Build.0 = Debug|Win32
		{DBE43AC7-2455-48EC-89FA-CC181737EC62}.Release|x64.ActiveCfg = Release|x64
		{DBE43AC7-2455-48EC-89FA-CC181737EC62}.Release|x64.Build.0 = Release|x64
		{DBE43AC7-2455-48EC-89FA-CC181737EC62}.Release|x86.ActiveCfg = Release|Win32
		{DBE43AC7-2455-48EC-89FA-CC181737EC62}.Release|x86.Build.0 = Release|Win32
		{6BC1EC7A-A279-4D79-AB5C-CF0AB589764D}.Debug|x64.ActiveCfg = Debug|x64
		{6BC1EC7A-A279-4D79-AB5C-CF0AB589764D}.Debug|x64.Build.0 = Debug|x64
		{6BC1EC7A-A279-4D79-AB5C-CF0AB589764D}.Debug|x86.ActiveCfg = Debug|Win32
		{6BC1EC7A-A279-4D79-AB5C-CF0AB589764D}.Debug|x86.Build.0 = Debug|Win32
		{6BC1EC7A-A279-4D79-AB5C-CF0AB589764D}.Release|x64.ActiveCfg = Release|x64
		{6BC1EC7A-A279-4D79-AB5C-CF0AB589764D}.Release|x64.Build.0 = Release|x64
		{6BC1EC7A-A279-4D79-AB5C-CF0AB589764D}.Release|x86.ActiveCfg = Release|Win32
		{6BC1EC7A-A279-4D79-AB5C-CF0AB589764D}.Release|x86.Build.0 = Release|Win32
	EndGlobalSection
	GlobalSection(SolutionProperties) = preSolution
		HideSolutionNode = FALSE
	EndGlobalSection
	GlobalSection(ExtensibilityGlobals) = postSolution
		SolutionGuid = {E8E8588B-6C55-45B0-A631-AA67352A3350}
	EndGlobalSection
EndGlobal
